
Microsoft Visual Studio Solution File, Format Version 12.00
# Visual Studio Version 16
VisualStudioVersion = 16.0.29613.14
MinimumVisualStudioVersion = 10.0.40219.1
Project("{FAE04EC0-301F-11D3-BF4B-00C04F79EFBC}") = "PT1", "PT1\PT1.csproj", "{BCFC14E1-AC91-42C0-866C-8ECE95FB76C8}"
EndProject
Global
	GlobalSection(SolutionConfigurationPlatforms) = preSolution
		Debug|Any CPU = Debug|Any CPU
		Release|Any CPU = Release|Any CPU
	EndGlobalSection
	GlobalSection(ProjectConfigurationPlatforms) = postSolution
		{BCFC14E1-AC91-42C0-866C-8ECE95FB76C8}.Debug|Any CPU.ActiveCfg = Debug|Any CPU
		{BCFC14E1-AC91-42C0-866C-8ECE95FB76C8}.Debug|Any CPU.Build.0 = Debug|Any CPU
		{BCFC14E1-AC91-42C0-866C-8ECE95FB76C8}.Release|Any CPU.ActiveCfg = Release|Any CPU
		{BCFC14E1-AC91-42C0-866C-8ECE95FB76C8}.Release|Any CPU.Build.0 = Release|Any CPU
	EndGlobalSection
	GlobalSection(SolutionProperties) = preSolution
		HideSolutionNode = FALSE
	EndGlobalSection
	GlobalSection(ExtensibilityGlobals) = postSolution
		SolutionGuid = {3822BFDF-2B4F-4409-A4A9-3CF921540BFA}
	EndGlobalSection
EndGlobal
