
Microsoft Visual Studio Solution File, Format Version 12.00
# Visual Studio Version 16
VisualStudioVersion = 16.0.29613.14
MinimumVisualStudioVersion = 10.0.40219.1
Project("{FAE04EC0-301F-11D3-BF4B-00C04F79EFBC}") = "cHAP6pt2", "cHAP6pt2.csproj", "{3E98207B-2C20-452A-AE93-E79399445006}"
EndProject
Project("{FAE04EC0-301F-11D3-BF4B-00C04F79EFBC}") = "LB4", "..\LB4\LB4.csproj", "{A0B2E883-D5AE-4B76-9690-FDB00D3E0620}"
EndProject
Project("{FAE04EC0-301F-11D3-BF4B-00C04F79EFBC}") = "LB5", "..\LB5\LB5.csproj", "{BD64CEA4-AEF2-47D0-8EDB-EF6FF9BBB73A}"
EndProject
Project("{FAE04EC0-301F-11D3-BF4B-00C04F79EFBC}") = "LB6", "..\LB6\LB6.csproj", "{85F40810-5D27-42F1-80CC-8955E4475146}"
EndProject
Global
	GlobalSection(SolutionConfigurationPlatforms) = preSolution
		Debug|Any CPU = Debug|Any CPU
		Release|Any CPU = Release|Any CPU
	EndGlobalSection
	GlobalSection(ProjectConfigurationPlatforms) = postSolution
		{3E98207B-2C20-452A-AE93-E79399445006}.Debug|Any CPU.ActiveCfg = Debug|Any CPU
		{3E98207B-2C20-452A-AE93-E79399445006}.Debug|Any CPU.Build.0 = Debug|Any CPU
		{3E98207B-2C20-452A-AE93-E79399445006}.Release|Any CPU.ActiveCfg = Release|Any CPU
		{3E98207B-2C20-452A-AE93-E79399445006}.Release|Any CPU.Build.0 = Release|Any CPU
		{A0B2E883-D5AE-4B76-9690-FDB00D3E0620}.Debug|Any CPU.ActiveCfg = Debug|Any CPU
		{A0B2E883-D5AE-4B76-9690-FDB00D3E0620}.Debug|Any CPU.Build.0 = Debug|Any CPU
		{A0B2E883-D5AE-4B76-9690-FDB00D3E0620}.Release|Any CPU.ActiveCfg = Release|Any CPU
		{A0B2E883-D5AE-4B76-9690-FDB00D3E0620}.Release|Any CPU.Build.0 = Release|Any CPU
		{BD64CEA4-AEF2-47D0-8EDB-EF6FF9BBB73A}.Debug|Any CPU.ActiveCfg = Debug|Any CPU
		{BD64CEA4-AEF2-47D0-8EDB-EF6FF9BBB73A}.Debug|Any CPU.Build.0 = Debug|Any CPU
		{BD64CEA4-AEF2-47D0-8EDB-EF6FF9BBB73A}.Release|Any CPU.ActiveCfg = Release|Any CPU
		{BD64CEA4-AEF2-47D0-8EDB-EF6FF9BBB73A}.Release|Any CPU.Build.0 = Release|Any CPU
		{85F40810-5D27-42F1-80CC-8955E4475146}.Debug|Any CPU.ActiveCfg = Debug|Any CPU
		{85F40810-5D27-42F1-80CC-8955E4475146}.Debug|Any CPU.Build.0 = Debug|Any CPU
		{85F40810-5D27-42F1-80CC-8955E4475146}.Release|Any CPU.ActiveCfg = Release|Any CPU
		{85F40810-5D27-42F1-80CC-8955E4475146}.Release|Any CPU.Build.0 = Release|Any CPU
	EndGlobalSection
	GlobalSection(SolutionProperties) = preSolution
		HideSolutionNode = FALSE
	EndGlobalSection
	GlobalSection(ExtensibilityGlobals) = postSolution
		SolutionGuid = {4BA2A20B-AE33-4F14-B54D-AC8E63BF3E9D}
	EndGlobalSection
EndGlobal
